
Microsoft Visual Studio Solution File, Format Version 12.00
# Visual Studio Version 16
VisualStudioVersion = 16.6.30114.105
MinimumVisualStudioVersion = 10.0.40219.1
Project("{2150E333-8FDC-42A3-9474-1A3956D46DE8}") = ".paket", ".paket", "{D5FEAA22-8E64-4523-8672-4AECA1E8F32E}"
	ProjectSection(SolutionItems) = preProject
		paket.dependencies = paket.dependencies
	EndProjectSection
EndProject
Project("{2150E333-8FDC-42A3-9474-1A3956D46DE8}") = "src", "src", "{9AF77EFC-714D-4913-A57B-8DFDC8369778}"
EndProject
Project("{F2A71F9B-5D33-465A-A702-920D77279786}") = "Core", "src\Core\Core.fsproj", "{04B3CB23-31F2-4E22-BFD3-121C5C484181}"
EndProject
Project("{F2A71F9B-5D33-465A-A702-920D77279786}") = "Samples", "src\Samples\Samples.fsproj", "{1C95EBF3-F7EA-4480-8462-346FA2A65639}"
EndProject
Project("{2150E333-8FDC-42A3-9474-1A3956D46DE8}") = "tests", "tests", "{898BB403-2FE8-44BD-929C-DA4326396B37}"
EndProject
Project("{F2A71F9B-5D33-465A-A702-920D77279786}") = "UnitTest", "tests\UnitTest\UnitTest.fsproj", "{6602861D-5A2F-4DB4-825A-24A40FF83574}"
EndProject
Global
	GlobalSection(SolutionConfigurationPlatforms) = preSolution
		Debug|Any CPU = Debug|Any CPU
		Debug|x64 = Debug|x64
		Debug|x86 = Debug|x86
		Release|Any CPU = Release|Any CPU
		Release|x64 = Release|x64
		Release|x86 = Release|x86
	EndGlobalSection
	GlobalSection(SolutionProperties) = preSolution
		HideSolutionNode = FALSE
	EndGlobalSection
	GlobalSection(ProjectConfigurationPlatforms) = postSolution
		{04B3CB23-31F2-4E22-BFD3-121C5C484181}.Debug|Any CPU.ActiveCfg = Debug|Any CPU
		{04B3CB23-31F2-4E22-BFD3-121C5C484181}.Debug|Any CPU.Build.0 = Debug|Any CPU
		{04B3CB23-31F2-4E22-BFD3-121C5C484181}.Debug|x64.ActiveCfg = Debug|Any CPU
		{04B3CB23-31F2-4E22-BFD3-121C5C484181}.Debug|x64.Build.0 = Debug|Any CPU
		{04B3CB23-31F2-4E22-BFD3-121C5C484181}.Debug|x86.ActiveCfg = Debug|Any CPU
		{04B3CB23-31F2-4E22-BFD3-121C5C484181}.Debug|x86.Build.0 = Debug|Any CPU
		{04B3CB23-31F2-4E22-BFD3-121C5C484181}.Release|Any CPU.ActiveCfg = Release|Any CPU
		{04B3CB23-31F2-4E22-BFD3-121C5C484181}.Release|Any CPU.Build.0 = Release|Any CPU
		{04B3CB23-31F2-4E22-BFD3-121C5C484181}.Release|x64.ActiveCfg = Release|Any CPU
		{04B3CB23-31F2-4E22-BFD3-121C5C484181}.Release|x64.Build.0 = Release|Any CPU
		{04B3CB23-31F2-4E22-BFD3-121C5C484181}.Release|x86.ActiveCfg = Release|Any CPU
		{04B3CB23-31F2-4E22-BFD3-121C5C484181}.Release|x86.Build.0 = Release|Any CPU
		{1C95EBF3-F7EA-4480-8462-346FA2A65639}.Debug|Any CPU.ActiveCfg = Debug|Any CPU
		{1C95EBF3-F7EA-4480-8462-346FA2A65639}.Debug|Any CPU.Build.0 = Debug|Any CPU
		{1C95EBF3-F7EA-4480-8462-346FA2A65639}.Debug|x64.ActiveCfg = Debug|Any CPU
		{1C95EBF3-F7EA-4480-8462-346FA2A65639}.Debug|x64.Build.0 = Debug|Any CPU
		{1C95EBF3-F7EA-4480-8462-346FA2A65639}.Debug|x86.ActiveCfg = Debug|Any CPU
		{1C95EBF3-F7EA-4480-8462-346FA2A65639}.Debug|x86.Build.0 = Debug|Any CPU
		{1C95EBF3-F7EA-4480-8462-346FA2A65639}.Release|Any CPU.ActiveCfg = Release|Any CPU
		{1C95EBF3-F7EA-4480-8462-346FA2A65639}.Release|Any CPU.Build.0 = Release|Any CPU
		{1C95EBF3-F7EA-4480-8462-346FA2A65639}.Release|x64.ActiveCfg = Release|Any CPU
		{1C95EBF3-F7EA-4480-8462-346FA2A65639}.Release|x64.Build.0 = Release|Any CPU
		{1C95EBF3-F7EA-4480-8462-346FA2A65639}.Release|x86.ActiveCfg = Release|Any CPU
		{1C95EBF3-F7EA-4480-8462-346FA2A65639}.Release|x86.Build.0 = Release|Any CPU
		{6602861D-5A2F-4DB4-825A-24A40FF83574}.Debug|Any CPU.ActiveCfg = Debug|Any CPU
		{6602861D-5A2F-4DB4-825A-24A40FF83574}.Debug|Any CPU.Build.0 = Debug|Any CPU
		{6602861D-5A2F-4DB4-825A-24A40FF83574}.Debug|x64.ActiveCfg = Debug|Any CPU
		{6602861D-5A2F-4DB4-825A-24A40FF83574}.Debug|x64.Build.0 = Debug|Any CPU
		{6602861D-5A2F-4DB4-825A-24A40FF83574}.Debug|x86.ActiveCfg = Debug|Any CPU
		{6602861D-5A2F-4DB4-825A-24A40FF83574}.Debug|x86.Build.0 = Debug|Any CPU
		{6602861D-5A2F-4DB4-825A-24A40FF83574}.Release|Any CPU.ActiveCfg = Release|Any CPU
		{6602861D-5A2F-4DB4-825A-24A40FF83574}.Release|Any CPU.Build.0 = Release|Any CPU
		{6602861D-5A2F-4DB4-825A-24A40FF83574}.Release|x64.ActiveCfg = Release|Any CPU
		{6602861D-5A2F-4DB4-825A-24A40FF83574}.Release|x64.Build.0 = Release|Any CPU
		{6602861D-5A2F-4DB4-825A-24A40FF83574}.Release|x86.ActiveCfg = Release|Any CPU
		{6602861D-5A2F-4DB4-825A-24A40FF83574}.Release|x86.Build.0 = Release|Any CPU
	EndGlobalSection
	GlobalSection(NestedProjects) = preSolution
		{04B3CB23-31F2-4E22-BFD3-121C5C484181} = {9AF77EFC-714D-4913-A57B-8DFDC8369778}
		{1C95EBF3-F7EA-4480-8462-346FA2A65639} = {9AF77EFC-714D-4913-A57B-8DFDC8369778}
		{6602861D-5A2F-4DB4-825A-24A40FF83574} = {898BB403-2FE8-44BD-929C-DA4326396B37}
	EndGlobalSection
EndGlobal
